
Microsoft Visual Studio Solution File, Format Version 12.00
# Visual Studio Version 17
VisualStudioVersion = 17.11.35222.181
MinimumVisualStudioVersion = 10.0.40219.1
Project("{FAE04EC0-301F-11D3-BF4B-00C04F79EFBC}") = "PRSEntityFrameworkConsole", "PRSEntityFrameworkConsole\PRSEntityFrameworkConsole.csproj", "{98A1C9C8-9647-4122-AF9C-74F517F9408C}"
EndProject
Global
	GlobalSection(SolutionConfigurationPlatforms) = preSolution
		Debug|Any CPU = Debug|Any CPU
		Release|Any CPU = Release|Any CPU
	EndGlobalSection
	GlobalSection(ProjectConfigurationPlatforms) = postSolution
		{98A1C9C8-9647-4122-AF9C-74F517F9408C}.Debug|Any CPU.ActiveCfg = Debug|Any CPU
		{98A1C9C8-9647-4122-AF9C-74F517F9408C}.Debug|Any CPU.Build.0 = Debug|Any CPU
		{98A1C9C8-9647-4122-AF9C-74F517F9408C}.Release|Any CPU.ActiveCfg = Release|Any CPU
		{98A1C9C8-9647-4122-AF9C-74F517F9408C}.Release|Any CPU.Build.0 = Release|Any CPU
	EndGlobalSection
	GlobalSection(SolutionProperties) = preSolution
		HideSolutionNode = FALSE
	EndGlobalSection
	GlobalSection(ExtensibilityGlobals) = postSolution
		SolutionGuid = {ADF5E172-1464-41D7-8149-FC75EF5AFC9C}
	EndGlobalSection
EndGlobal
